
Microsoft Visual Studio Solution File, Format Version 12.00
# Visual Studio Version 16
VisualStudioVersion = 16.0.30114.105
MinimumVisualStudioVersion = 10.0.40219.1
Project("{2150E333-8FDC-42A3-9474-1A3956D46DE8}") = "src", "src", "{E919EBD8-EA24-4AEE-8179-B23681FD88AA}"
EndProject
Project("{FAE04EC0-301F-11D3-BF4B-00C04F79EFBC}") = "STM.AIU.API", "src\STM.AIU.API\STM.AIU.API.csproj", "{EDE21765-5295-45E9-981C-C41678E90172}"
EndProject
Project("{FAE04EC0-301F-11D3-BF4B-00C04F79EFBC}") = "STM.AIU.Application", "src\STM.AIU.Application\STM.AIU.Application.csproj", "{2F675E81-AFB3-4DC4-A45E-862AA5045260}"
EndProject
Project("{FAE04EC0-301F-11D3-BF4B-00C04F79EFBC}") = "STM.AIU.Domain", "src\STM.AIU.Domain\STM.AIU.Domain.csproj", "{485E404B-0D63-4986-86CF-8E5214ED80A1}"
EndProject
Project("{FAE04EC0-301F-11D3-BF4B-00C04F79EFBC}") = "STM.AIU.Infrastructure", "src\STM.AIU.Infrastructure\STM.AIU.Infrastructure.csproj", "{A59C4019-6550-4541-9B61-7DDBC633F9F9}"
EndProject
Project("{2150E333-8FDC-42A3-9474-1A3956D46DE8}") = "tests", "tests", "{C95EE5FA-61DF-455A-9BBE-A01ACC6F1208}"
EndProject
Project("{FAE04EC0-301F-11D3-BF4B-00C04F79EFBC}") = "AIU.Application.IntegrationTests", "tests\AIU.Application.IntegrationTests\AIU.Application.IntegrationTests.csproj", "{700F0A74-1D68-4A4D-9FDC-E5EFD9D50CA4}"
EndProject
Project("{2150E333-8FDC-42A3-9474-1A3956D46DE8}") = "WebUI", "WebUI", "{90285C10-8743-40AF-9653-441EF559354F}"
EndProject
Project("{FAE04EC0-301F-11D3-BF4B-00C04F79EFBC}") = "RazorClient.Tutor", "src\WebUI\RazorClient.Tutor\RazorClient.Tutor.csproj", "{3C84ADDC-AB6F-4E77-9404-C683DD52FDC1}"
EndProject
Global
	GlobalSection(SolutionConfigurationPlatforms) = preSolution
		Debug|Any CPU = Debug|Any CPU
		Release|Any CPU = Release|Any CPU
	EndGlobalSection
	GlobalSection(SolutionProperties) = preSolution
		HideSolutionNode = FALSE
	EndGlobalSection
	GlobalSection(ProjectConfigurationPlatforms) = postSolution
		{EDE21765-5295-45E9-981C-C41678E90172}.Debug|Any CPU.ActiveCfg = Debug|Any CPU
		{EDE21765-5295-45E9-981C-C41678E90172}.Debug|Any CPU.Build.0 = Debug|Any CPU
		{EDE21765-5295-45E9-981C-C41678E90172}.Release|Any CPU.ActiveCfg = Release|Any CPU
		{EDE21765-5295-45E9-981C-C41678E90172}.Release|Any CPU.Build.0 = Release|Any CPU
		{2F675E81-AFB3-4DC4-A45E-862AA5045260}.Debug|Any CPU.ActiveCfg = Debug|Any CPU
		{2F675E81-AFB3-4DC4-A45E-862AA5045260}.Debug|Any CPU.Build.0 = Debug|Any CPU
		{2F675E81-AFB3-4DC4-A45E-862AA5045260}.Release|Any CPU.ActiveCfg = Release|Any CPU
		{2F675E81-AFB3-4DC4-A45E-862AA5045260}.Release|Any CPU.Build.0 = Release|Any CPU
		{485E404B-0D63-4986-86CF-8E5214ED80A1}.Debug|Any CPU.ActiveCfg = Debug|Any CPU
		{485E404B-0D63-4986-86CF-8E5214ED80A1}.Debug|Any CPU.Build.0 = Debug|Any CPU
		{485E404B-0D63-4986-86CF-8E5214ED80A1}.Release|Any CPU.ActiveCfg = Release|Any CPU
		{485E404B-0D63-4986-86CF-8E5214ED80A1}.Release|Any CPU.Build.0 = Release|Any CPU
		{A59C4019-6550-4541-9B61-7DDBC633F9F9}.Debug|Any CPU.ActiveCfg = Debug|Any CPU
		{A59C4019-6550-4541-9B61-7DDBC633F9F9}.Debug|Any CPU.Build.0 = Debug|Any CPU
		{A59C4019-6550-4541-9B61-7DDBC633F9F9}.Release|Any CPU.ActiveCfg = Release|Any CPU
		{A59C4019-6550-4541-9B61-7DDBC633F9F9}.Release|Any CPU.Build.0 = Release|Any CPU
		{700F0A74-1D68-4A4D-9FDC-E5EFD9D50CA4}.Debug|Any CPU.ActiveCfg = Debug|Any CPU
		{700F0A74-1D68-4A4D-9FDC-E5EFD9D50CA4}.Debug|Any CPU.Build.0 = Debug|Any CPU
		{700F0A74-1D68-4A4D-9FDC-E5EFD9D50CA4}.Release|Any CPU.ActiveCfg = Release|Any CPU
		{700F0A74-1D68-4A4D-9FDC-E5EFD9D50CA4}.Release|Any CPU.Build.0 = Release|Any CPU
		{3C84ADDC-AB6F-4E77-9404-C683DD52FDC1}.Debug|Any CPU.ActiveCfg = Debug|Any CPU
		{3C84ADDC-AB6F-4E77-9404-C683DD52FDC1}.Debug|Any CPU.Build.0 = Debug|Any CPU
		{3C84ADDC-AB6F-4E77-9404-C683DD52FDC1}.Release|Any CPU.ActiveCfg = Release|Any CPU
		{3C84ADDC-AB6F-4E77-9404-C683DD52FDC1}.Release|Any CPU.Build.0 = Release|Any CPU
	EndGlobalSection
	GlobalSection(NestedProjects) = preSolution
		{EDE21765-5295-45E9-981C-C41678E90172} = {E919EBD8-EA24-4AEE-8179-B23681FD88AA}
		{2F675E81-AFB3-4DC4-A45E-862AA5045260} = {E919EBD8-EA24-4AEE-8179-B23681FD88AA}
		{485E404B-0D63-4986-86CF-8E5214ED80A1} = {E919EBD8-EA24-4AEE-8179-B23681FD88AA}
		{A59C4019-6550-4541-9B61-7DDBC633F9F9} = {E919EBD8-EA24-4AEE-8179-B23681FD88AA}
		{700F0A74-1D68-4A4D-9FDC-E5EFD9D50CA4} = {C95EE5FA-61DF-455A-9BBE-A01ACC6F1208}
		{90285C10-8743-40AF-9653-441EF559354F} = {E919EBD8-EA24-4AEE-8179-B23681FD88AA}
		{3C84ADDC-AB6F-4E77-9404-C683DD52FDC1} = {90285C10-8743-40AF-9653-441EF559354F}
	EndGlobalSection
EndGlobal
